Microsoft Visual Studio Solution File, Format Version 12.00
# Visual Studio Version 17
VisualStudioVersion = 17.5.2.0
MinimumVisualStudioVersion = 10.0.40219.1
Project("{FAE04EC0-301F-11D3-BF4B-00C04F79EFBC}") = "yarpOidc", "yarpOidc.csproj", "{EAD16FFC-74F6-64FA-AC88-A0AA399350FE}"
EndProject
Global
	GlobalSection(SolutionConfigurationPlatforms) = preSolution
		Debug|Any CPU = Debug|Any CPU
		Release|Any CPU = Release|Any CPU
	EndGlobalSection
	GlobalSection(ProjectConfigurationPlatforms) = postSolution
		{EAD16FFC-74F6-64FA-AC88-A0AA399350FE}.Debug|Any CPU.ActiveCfg = Debug|Any CPU
		{EAD16FFC-74F6-64FA-AC88-A0AA399350FE}.Debug|Any CPU.Build.0 = Debug|Any CPU
		{EAD16FFC-74F6-64FA-AC88-A0AA399350FE}.Release|Any CPU.ActiveCfg = Release|Any CPU
		{EAD16FFC-74F6-64FA-AC88-A0AA399350FE}.Release|Any CPU.Build.0 = Release|Any CPU
	EndGlobalSection
	GlobalSection(SolutionProperties) = preSolution
		HideSolutionNode = FALSE
	EndGlobalSection
	GlobalSection(ExtensibilityGlobals) = postSolution
		SolutionGuid = {E4A455BC-3E56-4DCC-9E75-FE1FDBFA24BD}
	EndGlobalSection
EndGlobal
